// !$*UTF8*$!
{
	archiveVersion = 1;
	classes = {
	};
	objectVersion = 56;
	objects = {

/* Begin PBXBuildFile section */
		394C8F6028F9A2E5004FB23A /* AppDelegate.swift in Sources */ = {isa = PBXBuildFile; fileRef = 394C8F5F28F9A2E5004FB23A /* AppDelegate.swift */; };
		394C8F6428F9A2E5004FB23A /* CitiesViewController.swift in Sources */ = {isa = PBXBuildFile; fileRef = 394C8F6328F9A2E5004FB23A /* CitiesViewController.swift */; };
		394C8F6728F9A2E5004FB23A /* Cities.storyboard in Resources */ = {isa = PBXBuildFile; fileRef = 394C8F6528F9A2E5004FB23A /* Cities.storyboard */; };
		394C8F6A28F9A2E5004FB23A /* EPS_Weather.xcdatamodeld in Sources */ = {isa = PBXBuildFile; fileRef = 394C8F6828F9A2E5004FB23A /* EPS_Weather.xcdatamodeld */; };
		394C8F6C28F9A2E6004FB23A /* Assets.xcassets in Resources */ = {isa = PBXBuildFile; fileRef = 394C8F6B28F9A2E6004FB23A /* Assets.xcassets */; };
		394C8F6F28F9A2E6004FB23A /* LaunchScreen.storyboard in Resources */ = {isa = PBXBuildFile; fileRef = 394C8F6D28F9A2E6004FB23A /* LaunchScreen.storyboard */; };
		394C8F7A28F9A2E6004FB23A /* EPS_WeatherTests.swift in Sources */ = {isa = PBXBuildFile; fileRef = 394C8F7928F9A2E6004FB23A /* EPS_WeatherTests.swift */; };
		394C8F8428F9A2E6004FB23A /* EPS_WeatherUITests.swift in Sources */ = {isa = PBXBuildFile; fileRef = 394C8F8328F9A2E6004FB23A /* EPS_WeatherUITests.swift */; };
		394C8F8628F9A2E6004FB23A /* EPS_WeatherUITestsLaunchTests.swift in Sources */ = {isa = PBXBuildFile; fileRef = 394C8F8528F9A2E6004FB23A /* EPS_WeatherUITestsLaunchTests.swift */; };
/* End PBXBuildFile section */

/* Begin PBXContainerItemProxy section */
		394C8F7628F9A2E6004FB23A /* PBXContainerItemProxy */ = {
			isa = PBXContainerItemProxy;
			containerPortal = 394C8F5428F9A2E5004FB23A /* Project object */;
			proxyType = 1;
			remoteGlobalIDString = 394C8F5B28F9A2E5004FB23A;
			remoteInfo = "EPS-Weather";
		};
		394C8F8028F9A2E6004FB23A /* PBXContainerItemProxy */ = {
			isa = PBXContainerItemProxy;
			containerPortal = 394C8F5428F9A2E5004FB23A /* Project object */;
			proxyType = 1;
			remoteGlobalIDString = 394C8F5B28F9A2E5004FB23A;
			remoteInfo = "EPS-Weather";
		};
/* End PBXContainerItemProxy section */

/* Begin PBXFileReference section */
		394C8F5C28F9A2E5004FB23A /* EPS-Weather.app */ = {isa = PBXFileReference; explicitFileType = wrapper.application; includeInIndex = 0; path = "EPS-Weather.app"; sourceTree = BUILT_PRODUCTS_DIR; };
		394C8F5F28F9A2E5004FB23A /* AppDelegate.swift */ = {isa = PBXFileReference; lastKnownFileType = sourcecode.swift; path = AppDelegate.swift; sourceTree = "<group>"; };
		394C8F6328F9A2E5004FB23A /* CitiesViewController.swift */ = {isa = PBXFileReference; lastKnownFileType = sourcecode.swift; path = CitiesViewController.swift; sourceTree = "<group>"; };
		394C8F6628F9A2E5004FB23A /* Base */ = {isa = PBXFileReference; lastKnownFileType = file.storyboard; name = Base; path = Base.lproj/Cities.storyboard; sourceTree = "<group>"; };
		394C8F6928F9A2E5004FB23A /* EPS_Weather.xcdatamodel */ = {isa = PBXFileReference; lastKnownFileType = wrapper.xcdatamodel; path = EPS_Weather.xcdatamodel; sourceTree = "<group>"; };
		394C8F6B28F9A2E6004FB23A /* Assets.xcassets */ = {isa = PBXFileReference; lastKnownFileType = folder.assetcatalog; path = Assets.xcassets; sourceTree = "<group>"; };
		394C8F6E28F9A2E6004FB23A /* Base */ = {isa = PBXFileReference; lastKnownFileType = file.storyboard; name = Base; path = Base.lproj/LaunchScreen.storyboard; sourceTree = "<group>"; };
		394C8F7028F9A2E6004FB23A /* Info.plist */ = {isa = PBXFileReference; lastKnownFileType = text.plist.xml; path = Info.plist; sourceTree = "<group>"; };
		394C8F7528F9A2E6004FB23A /* EPS-WeatherTests.xctest */ = {isa = PBXFileReference; explicitFileType = wrapper.cfbundle; includeInIndex = 0; path = "EPS-WeatherTests.xctest"; sourceTree = BUILT_PRODUCTS_DIR; };
		394C8F7928F9A2E6004FB23A /* EPS_WeatherTests.swift */ = {isa = PBXFileReference; lastKnownFileType = sourcecode.swift; path = EPS_WeatherTests.swift; sourceTree = "<group>"; };
		394C8F7F28F9A2E6004FB23A /* EPS-WeatherUITests.xctest */ = {isa = PBXFileReference; explicitFileType = wrapper.cfbundle; includeInIndex = 0; path = "EPS-WeatherUITests.xctest"; sourceTree = BUILT_PRODUCTS_DIR; };
		394C8F8328F9A2E6004FB23A /* EPS_WeatherUITests.swift */ = {isa = PBXFileReference; lastKnownFileType = sourcecode.swift; path = EPS_WeatherUITests.swift; sourceTree = "<group>"; };
		394C8F8528F9A2E6004FB23A /* EPS_WeatherUITestsLaunchTests.swift */ = {isa = PBXFileReference; lastKnownFileType = sourcecode.swift; path = EPS_WeatherUITestsLaunchTests.swift; sourceTree = "<group>"; };
/* End PBXFileReference section */

/* Begin PBXFrameworksBuildPhase section */
		394C8F5928F9A2E5004FB23A /* Frameworks */ = {
			isa = PBXFrameworksBuildPhase;
			buildActionMask = 2147483647;
			files = (
			);
			runOnlyForDeploymentPostprocessing = 0;
		};
		394C8F7228F9A2E6004FB23A /* Frameworks */ = {
			isa = PBXFrameworksBuildPhase;
			buildActionMask = 2147483647;
			files = (
			);
			runOnlyForDeploymentPostprocessing = 0;
		};
		394C8F7C28F9A2E6004FB23A /* Frameworks */ = {
			isa = PBXFrameworksBuildPhase;
			buildActionMask = 2147483647;
			files = (
			);
			runOnlyForDeploymentPostprocessing = 0;
		};
/* End PBXFrameworksBuildPhase section */

/* Begin PBXGroup section */
		394C8F5328F9A2E5004FB23A = {
			isa = PBXGroup;
			children = (
				394C8F5E28F9A2E5004FB23A /* EPS-Weather */,
				394C8F7828F9A2E6004FB23A /* EPS-WeatherTests */,
				394C8F8228F9A2E6004FB23A /* EPS-WeatherUITests */,
				394C8F5D28F9A2E5004FB23A /* Products */,
			);
			sourceTree = "<group>";
		};
		394C8F5D28F9A2E5004FB23A /* Products */ = {
			isa = PBXGroup;
			children = (
				394C8F5C28F9A2E5004FB23A /* EPS-Weather.app */,
				394C8F7528F9A2E6004FB23A /* EPS-WeatherTests.xctest */,
				394C8F7F28F9A2E6004FB23A /* EPS-WeatherUITests.xctest */,
			);
			name = Products;
			sourceTree = "<group>";
		};
		394C8F5E28F9A2E5004FB23A /* EPS-Weather */ = {
			isa = PBXGroup;
			children = (
				394C8F9D28FD92EC004FB23A /* Data */,
				394C8F9C28FD92D6004FB23A /* Ressources */,
				394C8F9628FD8CF4004FB23A /* App */,
				394C8F9528FD8934004FB23A /* Modules */,
			);
			path = "EPS-Weather";
			sourceTree = "<group>";
		};
		394C8F7828F9A2E6004FB23A /* EPS-WeatherTests */ = {
			isa = PBXGroup;
			children = (
				394C8F7928F9A2E6004FB23A /* EPS_WeatherTests.swift */,
			);
			path = "EPS-WeatherTests";
			sourceTree = "<group>";
		};
		394C8F8228F9A2E6004FB23A /* EPS-WeatherUITests */ = {
			isa = PBXGroup;
			children = (
				394C8F8328F9A2E6004FB23A /* EPS_WeatherUITests.swift */,
				394C8F8528F9A2E6004FB23A /* EPS_WeatherUITestsLaunchTests.swift */,
			);
			path = "EPS-WeatherUITests";
			sourceTree = "<group>";
		};
		394C8F9528FD8934004FB23A /* Modules */ = {
			isa = PBXGroup;
			children = (
				394C8F9B28FD92AE004FB23A /* LaunchScreen */,
				394C8F9A28FD8EF9004FB23A /* Cities */,
			);
			path = Modules;
			sourceTree = "<group>";
		};
		394C8F9628FD8CF4004FB23A /* App */ = {
			isa = PBXGroup;
			children = (
				394C8F5F28F9A2E5004FB23A /* AppDelegate.swift */,
			);
			path = App;
			sourceTree = "<group>";
		};
		394C8F9A28FD8EF9004FB23A /* Cities */ = {
			isa = PBXGroup;
			children = (
				394C8F6328F9A2E5004FB23A /* CitiesViewController.swift */,
				394C8F6528F9A2E5004FB23A /* Cities.storyboard */,
			);
			path = Cities;
			sourceTree = "<group>";
		};
		394C8F9B28FD92AE004FB23A /* LaunchScreen */ = {
			isa = PBXGroup;
			children = (
				394C8F6D28F9A2E6004FB23A /* LaunchScreen.storyboard */,
			);
			path = LaunchScreen;
			sourceTree = "<group>";
		};
		394C8F9C28FD92D6004FB23A /* Ressources */ = {
			isa = PBXGroup;
			children = (
				394C8F7028F9A2E6004FB23A /* Info.plist */,
				394C8F6B28F9A2E6004FB23A /* Assets.xcassets */,
			);
			path = Ressources;
			sourceTree = "<group>";
		};
		394C8F9D28FD92EC004FB23A /* Data */ = {
			isa = PBXGroup;
			children = (
				394C8F9E28FD9316004FB23A /* CoreData */,
			);
			path = Data;
			sourceTree = "<group>";
		};
		394C8F9E28FD9316004FB23A /* CoreData */ = {
			isa = PBXGroup;
			children = (
				394C8F6828F9A2E5004FB23A /* EPS_Weather.xcdatamodeld */,
			);
			path = CoreData;
			sourceTree = "<group>";
		};
/* End PBXGroup section */

/* Begin PBXNativeTarget section */
		394C8F5B28F9A2E5004FB23A /* EPS-Weather */ = {
			isa = PBXNativeTarget;
			buildConfigurationList = 394C8F8928F9A2E6004FB23A /* Build configuration list for PBXNativeTarget "EPS-Weather" */;
			buildPhases = (
				394C8F5828F9A2E5004FB23A /* Sources */,
				394C8F5928F9A2E5004FB23A /* Frameworks */,
				394C8F5A28F9A2E5004FB23A /* Resources */,
			);
			buildRules = (
			);
			dependencies = (
			);
			name = "EPS-Weather";
			productName = "EPS-Weather";
			productReference = 394C8F5C28F9A2E5004FB23A /* EPS-Weather.app */;
			productType = "com.apple.product-type.application";
		};
		394C8F7428F9A2E6004FB23A /* EPS-WeatherTests */ = {
			isa = PBXNativeTarget;
			buildConfigurationList = 394C8F8C28F9A2E6004FB23A /* Build configuration list for PBXNativeTarget "EPS-WeatherTests" */;
			buildPhases = (
				394C8F7128F9A2E6004FB23A /* Sources */,
				394C8F7228F9A2E6004FB23A /* Frameworks */,
				394C8F7328F9A2E6004FB23A /* Resources */,
			);
			buildRules = (
			);
			dependencies = (
				394C8F7728F9A2E6004FB23A /* PBXTargetDependency */,
			);
			name = "EPS-WeatherTests";
			productName = "EPS-WeatherTests";
			productReference = 394C8F7528F9A2E6004FB23A /* EPS-WeatherTests.xctest */;
			productType = "com.apple.product-type.bundle.unit-test";
		};
		394C8F7E28F9A2E6004FB23A /* EPS-WeatherUITests */ = {
			isa = PBXNativeTarget;
			buildConfigurationList = 394C8F8F28F9A2E6004FB23A /* Build configuration list for PBXNativeTarget "EPS-WeatherUITests" */;
			buildPhases = (
				394C8F7B28F9A2E6004FB23A /* Sources */,
				394C8F7C28F9A2E6004FB23A /* Frameworks */,
				394C8F7D28F9A2E6004FB23A /* Resources */,
			);
			buildRules = (
			);
			dependencies = (
				394C8F8128F9A2E6004FB23A /* PBXTargetDependency */,
			);
			name = "EPS-WeatherUITests";
			productName = "EPS-WeatherUITests";
			productReference = 394C8F7F28F9A2E6004FB23A /* EPS-WeatherUITests.xctest */;
			productType = "com.apple.product-type.bundle.ui-testing";
		};
/* End PBXNativeTarget section */

/* Begin PBXProject section */
		394C8F5428F9A2E5004FB23A /* Project object */ = {
			isa = PBXProject;
			attributes = {
				BuildIndependentTargetsInParallel = 1;
				LastSwiftUpdateCheck = 1400;
				LastUpgradeCheck = 1400;
				TargetAttributes = {
					394C8F5B28F9A2E5004FB23A = {
						CreatedOnToolsVersion = 14.0.1;
					};
					394C8F7428F9A2E6004FB23A = {
						CreatedOnToolsVersion = 14.0.1;
						TestTargetID = 394C8F5B28F9A2E5004FB23A;
					};
					394C8F7E28F9A2E6004FB23A = {
						CreatedOnToolsVersion = 14.0.1;
						TestTargetID = 394C8F5B28F9A2E5004FB23A;
					};
				};
			};
			buildConfigurationList = 394C8F5728F9A2E5004FB23A /* Build configuration list for PBXProject "EPS-Weather" */;
			compatibilityVersion = "Xcode 14.0";
			developmentRegion = en;
			hasScannedForEncodings = 0;
			knownRegions = (
				en,
				Base,
			);
			mainGroup = 394C8F5328F9A2E5004FB23A;
			productRefGroup = 394C8F5D28F9A2E5004FB23A /* Products */;
			projectDirPath = "";
			projectRoot = "";
			targets = (
				394C8F5B28F9A2E5004FB23A /* EPS-Weather */,
				394C8F7428F9A2E6004FB23A /* EPS-WeatherTests */,
				394C8F7E28F9A2E6004FB23A /* EPS-WeatherUITests */,
			);
		};
/* End PBXProject section */

/* Begin PBXResourcesBuildPhase section */
		394C8F5A28F9A2E5004FB23A /* Resources */ = {
			isa = PBXResourcesBuildPhase;
			buildActionMask = 2147483647;
			files = (
				394C8F6F28F9A2E6004FB23A /* LaunchScreen.storyboard in Resources */,
				394C8F6C28F9A2E6004FB23A /* Assets.xcassets in Resources */,
				394C8F6728F9A2E5004FB23A /* Cities.storyboard in Resources */,
			);
			runOnlyForDeploymentPostprocessing = 0;
		};
		394C8F7328F9A2E6004FB23A /* Resources */ = {
			isa = PBXResourcesBuildPhase;
			buildActionMask = 2147483647;
			files = (
			);
			runOnlyForDeploymentPostprocessing = 0;
		};
		394C8F7D28F9A2E6004FB23A /* Resources */ = {
			isa = PBXResourcesBuildPhase;
			buildActionMask = 2147483647;
			files = (
			);
			runOnlyForDeploymentPostprocessing = 0;
		};
/* End PBXResourcesBuildPhase section */

/* Begin PBXSourcesBuildPhase section */
		394C8F5828F9A2E5004FB23A /* Sources */ = {
			isa = PBXSourcesBuildPhase;
			buildActionMask = 2147483647;
			files = (
				394C8F6428F9A2E5004FB23A /* CitiesViewController.swift in Sources */,
				394C8F6028F9A2E5004FB23A /* AppDelegate.swift in Sources */,
				394C8F6A28F9A2E5004FB23A /* EPS_Weather.xcdatamodeld in Sources */,
			);
			runOnlyForDeploymentPostprocessing = 0;
		};
		394C8F7128F9A2E6004FB23A /* Sources */ = {
			isa = PBXSourcesBuildPhase;
			buildActionMask = 2147483647;
			files = (
				394C8F7A28F9A2E6004FB23A /* EPS_WeatherTests.swift in Sources */,
			);
			runOnlyForDeploymentPostprocessing = 0;
		};
		394C8F7B28F9A2E6004FB23A /* Sources */ = {
			isa = PBXSourcesBuildPhase;
			buildActionMask = 2147483647;
			files = (
				394C8F8628F9A2E6004FB23A /* EPS_WeatherUITestsLaunchTests.swift in Sources */,
				394C8F8428F9A2E6004FB23A /* EPS_WeatherUITests.swift in Sources */,
			);
			runOnlyForDeploymentPostprocessing = 0;
		};
/* End PBXSourcesBuildPhase section */

/* Begin PBXTargetDependency section */
		394C8F7728F9A2E6004FB23A /* PBXTargetDependency */ = {
			isa = PBXTargetDependency;
			target = 394C8F5B28F9A2E5004FB23A /* EPS-Weather */;
			targetProxy = 394C8F7628F9A2E6004FB23A /* PBXContainerItemProxy */;
		};
		394C8F8128F9A2E6004FB23A /* PBXTargetDependency */ = {
			isa = PBXTargetDependency;
			target = 394C8F5B28F9A2E5004FB23A /* EPS-Weather */;
			targetProxy = 394C8F8028F9A2E6004FB23A /* PBXContainerItemProxy */;
		};
/* End PBXTargetDependency section */

/* Begin PBXVariantGroup section */
		394C8F6528F9A2E5004FB23A /* Cities.storyboard */ = {
			isa = PBXVariantGroup;
			children = (
				394C8F6628F9A2E5004FB23A /* Base */,
			);
			name = Cities.storyboard;
			sourceTree = "<group>";
		};
		394C8F6D28F9A2E6004FB23A /* LaunchScreen.storyboard */ = {
			isa = PBXVariantGroup;
			children = (
				394C8F6E28F9A2E6004FB23A /* Base */,
			);
			name = LaunchScreen.storyboard;
			sourceTree = "<group>";
		};
/* End PBXVariantGroup section */

/* Begin XCBuildConfiguration section */
		394C8F8728F9A2E6004FB23A /* Debug */ = {
			isa = XCBuildConfiguration;
			buildSettings = {
				ALWAYS_SEARCH_USER_PATHS = NO;
				CLANG_ANALYZER_NONNULL = YES;
				CLANG_ANALYZER_NUMBER_OBJECT_CONVERSION = YES_AGGRESSIVE;
				CLANG_CXX_LANGUAGE_STANDARD = "gnu++20";
				CLANG_ENABLE_MODULES = YES;
				CLANG_ENABLE_OBJC_ARC = YES;
				CLANG_ENABLE_OBJC_WEAK = YES;
				CLANG_WARN_BLOCK_CAPTURE_AUTORELEASING = YES;
				CLANG_WARN_BOOL_CONVERSION = YES;
				CLANG_WARN_COMMA = YES;
				CLANG_WARN_CONSTANT_CONVERSION = YES;
				CLANG_WARN_DEPRECATED_OBJC_IMPLEMENTATIONS = YES;
				CLANG_WARN_DIRECT_OBJC_ISA_USAGE = YES_ERROR;
				CLANG_WARN_DOCUMENTATION_COMMENTS = YES;
				CLANG_WARN_EMPTY_BODY = YES;
				CLANG_WARN_ENUM_CONVERSION = YES;
				CLANG_WARN_INFINITE_RECURSION = YES;
				CLANG_WARN_INT_CONVERSION = YES;
				CLANG_WARN_NON_LITERAL_NULL_CONVERSION = YES;
				CLANG_WARN_OBJC_IMPLICIT_RETAIN_SELF = YES;
				CLANG_WARN_OBJC_LITERAL_CONVERSION = YES;
				CLANG_WARN_OBJC_ROOT_CLASS = YES_ERROR;
				CLANG_WARN_QUOTED_INCLUDE_IN_FRAMEWORK_HEADER = YES;
				CLANG_WARN_RANGE_LOOP_ANALYSIS = YES;
				CLANG_WARN_STRICT_PROTOTYPES = YES;
				CLANG_WARN_SUSPICIOUS_MOVE = YES;
				CLANG_WARN_UNGUARDED_AVAILABILITY = YES_AGGRESSIVE;
				CLANG_WARN_UNREACHABLE_CODE = YES;
				CLANG_WARN__DUPLICATE_METHOD_MATCH = YES;
				COPY_PHASE_STRIP = NO;
				DEBUG_INFORMATION_FORMAT = dwarf;
				ENABLE_STRICT_OBJC_MSGSEND = YES;
				ENABLE_TESTABILITY = YES;
				GCC_C_LANGUAGE_STANDARD = gnu11;
				GCC_DYNAMIC_NO_PIC = NO;
				GCC_NO_COMMON_BLOCKS = YES;
				GCC_OPTIMIZATION_LEVEL = 0;
				GCC_PREPROCESSOR_DEFINITIONS = (
					"DEBUG=1",
					"$(inherited)",
				);
				GCC_WARN_64_TO_32_BIT_CONVERSION = YES;
				GCC_WARN_ABOUT_RETURN_TYPE = YES_ERROR;
				GCC_WARN_UNDECLARED_SELECTOR = YES;
				GCC_WARN_UNINITIALIZED_AUTOS = YES_AGGRESSIVE;
				GCC_WARN_UNUSED_FUNCTION = YES;
				GCC_WARN_UNUSED_VARIABLE = YES;
				IPHONEOS_DEPLOYMENT_TARGET = 11.0;
				MTL_ENABLE_DEBUG_INFO = INCLUDE_SOURCE;
				MTL_FAST_MATH = YES;
				ONLY_ACTIVE_ARCH = YES;
				SDKROOT = iphoneos;
				SWIFT_ACTIVE_COMPILATION_CONDITIONS = DEBUG;
				SWIFT_OPTIMIZATION_LEVEL = "-Onone";
			};
			name = Debug;
		};
		394C8F8828F9A2E6004FB23A /* Release */ = {
			isa = XCBuildConfiguration;
			buildSettings = {
				ALWAYS_SEARCH_USER_PATHS = NO;
				CLANG_ANALYZER_NONNULL = YES;
				CLANG_ANALYZER_NUMBER_OBJECT_CONVERSION = YES_AGGRESSIVE;
				CLANG_CXX_LANGUAGE_STANDARD = "gnu++20";
				CLANG_ENABLE_MODULES = YES;
				CLANG_ENABLE_OBJC_ARC = YES;
				CLANG_ENABLE_OBJC_WEAK = YES;
				CLANG_WARN_BLOCK_CAPTURE_AUTORELEASING = YES;
				CLANG_WARN_BOOL_CONVERSION = YES;
				CLANG_WARN_COMMA = YES;
				CLANG_WARN_CONSTANT_CONVERSION = YES;
				CLANG_WARN_DEPRECATED_OBJC_IMPLEMENTATIONS = YES;
				CLANG_WARN_DIRECT_OBJC_ISA_USAGE = YES_ERROR;
				CLANG_WARN_DOCUMENTATION_COMMENTS = YES;
				CLANG_WARN_EMPTY_BODY = YES;
				CLANG_WARN_ENUM_CONVERSION = YES;
				CLANG_WARN_INFINITE_RECURSION = YES;
				CLANG_WARN_INT_CONVERSION = YES;
				CLANG_WARN_NON_LITERAL_NULL_CONVERSION = YES;
				CLANG_WARN_OBJC_IMPLICIT_RETAIN_SELF = YES;
				CLANG_WARN_OBJC_LITERAL_CONVERSION = YES;
				CLANG_WARN_OBJC_ROOT_CLASS = YES_ERROR;
				CLANG_WARN_QUOTED_INCLUDE_IN_FRAMEWORK_HEADER = YES;
				CLANG_WARN_RANGE_LOOP_ANALYSIS = YES;
				CLANG_WARN_STRICT_PROTOTYPES = YES;
				CLANG_WARN_SUSPICIOUS_MOVE = YES;
				CLANG_WARN_UNGUARDED_AVAILABILITY = YES_AGGRESSIVE;
				CLANG_WARN_UNREACHABLE_CODE = YES;
				CLANG_WARN__DUPLICATE_METHOD_MATCH = YES;
				COPY_PHASE_STRIP = NO;
				DEBUG_INFORMATION_FORMAT = "dwarf-with-dsym";
				ENABLE_NS_ASSERTIONS = NO;
				ENABLE_STRICT_OBJC_MSGSEND = YES;
				GCC_C_LANGUAGE_STANDARD = gnu11;
				GCC_NO_COMMON_BLOCKS = YES;
				GCC_WARN_64_TO_32_BIT_CONVERSION = YES;
				GCC_WARN_ABOUT_RETURN_TYPE = YES_ERROR;
				GCC_WARN_UNDECLARED_SELECTOR = YES;
				GCC_WARN_UNINITIALIZED_AUTOS = YES_AGGRESSIVE;
				GCC_WARN_UNUSED_FUNCTION = YES;
				GCC_WARN_UNUSED_VARIABLE = YES;
				IPHONEOS_DEPLOYMENT_TARGET = 11.0;
				MTL_ENABLE_DEBUG_INFO = NO;
				MTL_FAST_MATH = YES;
				SDKROOT = iphoneos;
				SWIFT_COMPILATION_MODE = wholemodule;
				SWIFT_OPTIMIZATION_LEVEL = "-O";
				VALIDATE_PRODUCT = YES;
			};
			name = Release;
		};
		394C8F8A28F9A2E6004FB23A /* Debug */ = {
			isa = XCBuildConfiguration;
			buildSettings = {
				ASSETCATALOG_COMPILER_APPICON_NAME = AppIcon;
				ASSETCATALOG_COMPILER_GLOBAL_ACCENT_COLOR_NAME = AccentColor;
				CODE_SIGN_STYLE = Automatic;
				CURRENT_PROJECT_VERSION = 1;
				DEVELOPMENT_TEAM = Y57Y4G6D3V;
				GENERATE_INFOPLIST_FILE = YES;
				INFOPLIST_FILE = "EPS-Weather/Info.plist";
				INFOPLIST_KEY_UIApplicationSupportsIndirectInputEvents = YES;
				INFOPLIST_KEY_UILaunchStoryboardName = Cities.storyboard;
				INFOPLIST_KEY_UIMainStoryboardFile = Cities;
				INFOPLIST_KEY_UISupportedInterfaceOrientations_iPad = "UIInterfaceOrientationPortrait UIInterfaceOrientationPortraitUpsideDown UIInterfaceOrientationLandscapeLeft UIInterfaceOrientationLandscapeRight";
				INFOPLIST_KEY_UISupportedInterfaceOrientations_iPhone = "UIInterfaceOrientationPortrait UIInterfaceOrientationLandscapeLeft UIInterfaceOrientationLandscapeRight";
				IPHONEOS_DEPLOYMENT_TARGET = 11.0;
				LD_RUNPATH_SEARCH_PATHS = (
					"$(inherited)",
					"@executable_path/Frameworks",
				);
				MARKETING_VERSION = 1.0;
				PRODUCT_BUNDLE_IDENTIFIER = "com.hamza.EPS-Weather";
				PRODUCT_NAME = "$(TARGET_NAME)";
				SWIFT_EMIT_LOC_STRINGS = YES;
				SWIFT_VERSION = 5.0;
				TARGETED_DEVICE_FAMILY = "1,2";
			};
			name = Debug;
		};
		394C8F8B28F9A2E6004FB23A /* Release */ = {
			isa = XCBuildConfiguration;
			buildSettings = {
				ASSETCATALOG_COMPILER_APPICON_NAME = AppIcon;
				ASSETCATALOG_COMPILER_GLOBAL_ACCENT_COLOR_NAME = AccentColor;
				CODE_SIGN_STYLE = Automatic;
				CURRENT_PROJECT_VERSION = 1;
				DEVELOPMENT_TEAM = Y57Y4G6D3V;
				GENERATE_INFOPLIST_FILE = YES;
				INFOPLIST_FILE = "EPS-Weather/Info.plist";
				INFOPLIST_KEY_UIApplicationSupportsIndirectInputEvents = YES;
				INFOPLIST_KEY_UILaunchStoryboardName = Cities.storyboard;
				INFOPLIST_KEY_UIMainStoryboardFile = Cities;
				INFOPLIST_KEY_UISupportedInterfaceOrientations_iPad = "UIInterfaceOrientationPortrait UIInterfaceOrientationPortraitUpsideDown UIInterfaceOrientationLandscapeLeft UIInterfaceOrientationLandscapeRight";
				INFOPLIST_KEY_UISupportedInterfaceOrientations_iPhone = "UIInterfaceOrientationPortrait UIInterfaceOrientationLandscapeLeft UIInterfaceOrientationLandscapeRight";
				IPHONEOS_DEPLOYMENT_TARGET = 11.0;
				LD_RUNPATH_SEARCH_PATHS = (
					"$(inherited)",
					"@executable_path/Frameworks",
				);
				MARKETING_VERSION = 1.0;
				PRODUCT_BUNDLE_IDENTIFIER = "com.hamza.EPS-Weather";
				PRODUCT_NAME = "$(TARGET_NAME)";
				SWIFT_EMIT_LOC_STRINGS = YES;
				SWIFT_VERSION = 5.0;
				TARGETED_DEVICE_FAMILY = "1,2";
			};
			name = Release;
		};
		394C8F8D28F9A2E6004FB23A /* Debug */ = {
			isa = XCBuildConfiguration;
			buildSettings = {
				ALWAYS_EMBED_SWIFT_STANDARD_LIBRARIES = YES;
				BUNDLE_LOADER = "$(TEST_HOST)";
				CODE_SIGN_STYLE = Automatic;
				CURRENT_PROJECT_VERSION = 1;
				DEVELOPMENT_TEAM = Y57Y4G6D3V;
				GENERATE_INFOPLIST_FILE = YES;
				IPHONEOS_DEPLOYMENT_TARGET = 16.0;
				MARKETING_VERSION = 1.0;
				PRODUCT_BUNDLE_IDENTIFIER = "com.hamza.EPS-WeatherTests";
				PRODUCT_NAME = "$(TARGET_NAME)";
				SWIFT_EMIT_LOC_STRINGS = NO;
				SWIFT_VERSION = 5.0;
				TARGETED_DEVICE_FAMILY = "1,2";
				TEST_HOST = "$(BUILT_PRODUCTS_DIR)/EPS-Weather.app/$(BUNDLE_EXECUTABLE_FOLDER_PATH)/EPS-Weather";
			};
			name = Debug;
		};
		394C8F8E28F9A2E6004FB23A /* Release */ = {
			isa = XCBuildConfiguration;
			buildSettings = {
				ALWAYS_EMBED_SWIFT_STANDARD_LIBRARIES = YES;
				BUNDLE_LOADER = "$(TEST_HOST)";
				CODE_SIGN_STYLE = Automatic;
				CURRENT_PROJECT_VERSION = 1;
				DEVELOPMENT_TEAM = Y57Y4G6D3V;
				GENERATE_INFOPLIST_FILE = YES;
				IPHONEOS_DEPLOYMENT_TARGET = 16.0;
				MARKETING_VERSION = 1.0;
				PRODUCT_BUNDLE_IDENTIFIER = "com.hamza.EPS-WeatherTests";
				PRODUCT_NAME = "$(TARGET_NAME)";
				SWIFT_EMIT_LOC_STRINGS = NO;
				SWIFT_VERSION = 5.0;
				TARGETED_DEVICE_FAMILY = "1,2";
				TEST_HOST = "$(BUILT_PRODUCTS_DIR)/EPS-Weather.app/$(BUNDLE_EXECUTABLE_FOLDER_PATH)/EPS-Weather";
			};
			name = Release;
		};
		394C8F9028F9A2E6004FB23A /* Debug */ = {
			isa = XCBuildConfiguration;
			buildSettings = {
				ALWAYS_EMBED_SWIFT_STANDARD_LIBRARIES = YES;
				CODE_SIGN_STYLE = Automatic;
				CURRENT_PROJECT_VERSION = 1;
				DEVELOPMENT_TEAM = Y57Y4G6D3V;
				GENERATE_INFOPLIST_FILE = YES;
				MARKETING_VERSION = 1.0;
				PRODUCT_BUNDLE_IDENTIFIER = "com.hamza.EPS-WeatherUITests";
				PRODUCT_NAME = "$(TARGET_NAME)";
				SWIFT_EMIT_LOC_STRINGS = NO;
				SWIFT_VERSION = 5.0;
				TARGETED_DEVICE_FAMILY = "1,2";
				TEST_TARGET_NAME = "EPS-Weather";
			};
			name = Debug;
		};
		394C8F9128F9A2E6004FB23A /* Release */ = {
			isa = XCBuildConfiguration;
			buildSettings = {
				ALWAYS_EMBED_SWIFT_STANDARD_LIBRARIES = YES;
				CODE_SIGN_STYLE = Automatic;
				CURRENT_PROJECT_VERSION = 1;
				DEVELOPMENT_TEAM = Y57Y4G6D3V;
				GENERATE_INFOPLIST_FILE = YES;
				MARKETING_VERSION = 1.0;
				PRODUCT_BUNDLE_IDENTIFIER = "com.hamza.EPS-WeatherUITests";
				PRODUCT_NAME = "$(TARGET_NAME)";
				SWIFT_EMIT_LOC_STRINGS = NO;
				SWIFT_VERSION = 5.0;
				TARGETED_DEVICE_FAMILY = "1,2";
				TEST_TARGET_NAME = "EPS-Weather";
			};
			name = Release;
		};
/* End XCBuildConfiguration section */

/* Begin XCConfigurationList section */
		394C8F5728F9A2E5004FB23A /* Build configuration list for PBXProject "EPS-Weather" */ = {
			isa = XCConfigurationList;
			buildConfigurations = (
				394C8F8728F9A2E6004FB23A /* Debug */,
				394C8F8828F9A2E6004FB23A /* Release */,
			);
			defaultConfigurationIsVisible = 0;
			defaultConfigurationName = Release;
		};
		394C8F8928F9A2E6004FB23A /* Build configuration list for PBXNativeTarget "EPS-Weather" */ = {
			isa = XCConfigurationList;
			buildConfigurations = (
				394C8F8A28F9A2E6004FB23A /* Debug */,
				394C8F8B28F9A2E6004FB23A /* Release */,
			);
			defaultConfigurationIsVisible = 0;
			defaultConfigurationName = Release;
		};
		394C8F8C28F9A2E6004FB23A /* Build configuration list for PBXNativeTarget "EPS-WeatherTests" */ = {
			isa = XCConfigurationList;
			buildConfigurations = (
				394C8F8D28F9A2E6004FB23A /* Debug */,
				394C8F8E28F9A2E6004FB23A /* Release */,
			);
			defaultConfigurationIsVisible = 0;
			defaultConfigurationName = Release;
		};
		394C8F8F28F9A2E6004FB23A /* Build configuration list for PBXNativeTarget "EPS-WeatherUITests" */ = {
			isa = XCConfigurationList;
			buildConfigurations = (
				394C8F9028F9A2E6004FB23A /* Debug */,
				394C8F9128F9A2E6004FB23A /* Release */,
			);
			defaultConfigurationIsVisible = 0;
			defaultConfigurationName = Release;
		};
/* End XCConfigurationList section */

/* Begin XCVersionGroup section */
		394C8F6828F9A2E5004FB23A /* EPS_Weather.xcdatamodeld */ = {
			isa = XCVersionGroup;
			children = (
				394C8F6928F9A2E5004FB23A /* EPS_Weather.xcdatamodel */,
			);
			currentVersion = 394C8F6928F9A2E5004FB23A /* EPS_Weather.xcdatamodel */;
			path = EPS_Weather.xcdatamodeld;
			sourceTree = "<group>";
			versionGroupType = wrapper.xcdatamodel;
		};
/* End XCVersionGroup section */
	};
	rootObject = 394C8F5428F9A2E5004FB23A /* Project object */;
}
